{
  "name": "flic-client",
  "version": "0.0.5",
  "lockfileVersion": 1,
  "requires": true,
  "dependencies": {
    "@types/node": {
      "version": "8.10.64",
      "resolved": "https://registry.npmjs.org/@types/node/-/node-8.10.64.tgz",
      "integrity": "sha512-/EwBIb+imu8Qi/A3NF9sJ9iuKo7yV+pryqjmeRqaU0C4wBAOhas5mdvoYeJ5PCKrh6thRSJHdoasFqh3BQGILA==",
      "dev": true
    },
    "tiny-typed-emitter": {
      "version": "2.0.3",
      "resolved": "https://registry.npmjs.org/tiny-typed-emitter/-/tiny-typed-emitter-2.0.3.tgz",
      "integrity": "sha512-MaCqhHlp6EAWN25yqBlajgd4scxxI2eJr7+EgoUAOV9UkMU3us/yp2bEnc2yOvyeDF8TUWuaz3zZCPGTKFJIpA=="
    },
    "typescript": {
      "version": "4.0.3",
      "resolved": "https://registry.npmjs.org/typescript/-/typescript-4.0.3.tgz",
      "integrity": "sha512-tEu6DGxGgRJPb/mVPIZ48e69xCn2yRmCgYmDugAVwmJ6o+0u1RI18eO7E7WBTLYLaEVVOhwQmcdhQHweux/WPg==",
      "dev": true
    }
  }
}
